// !$*UTF8*$!
{
	archiveVersion = 1;
	classes = {
	};
	objectVersion = 46;
	objects = {

/* Begin PBXBuildFile section */
		DB8004F81EB7AC0400F2C116 /* main.m in Sources */ = {isa = PBXBuildFile; fileRef = DB8004F71EB7AC0400F2C116 /* main.m */; };
		DB8004FB1EB7AC0400F2C116 /* AppDelegate.m in Sources */ = {isa = PBXBuildFile; fileRef = DB8004FA1EB7AC0400F2C116 /* AppDelegate.m */; };
		DB8004FE1EB7AC0400F2C116 /* ViewController.m in Sources */ = {isa = PBXBuildFile; fileRef = DB8004FD1EB7AC0400F2C116 /* ViewController.m */; };
		DB8005011EB7AC0400F2C116 /* Main.storyboard in Resources */ = {isa = PBXBuildFile; fileRef = DB8004FF1EB7AC0400F2C116 /* Main.storyboard */; };
		DB8005031EB7AC0400F2C116 /* Assets.xcassets in Resources */ = {isa = PBXBuildFile; fileRef = DB8005021EB7AC0400F2C116 /* Assets.xcassets */; };
		DB8005061EB7AC0400F2C116 /* LaunchScreen.storyboard in Resources */ = {isa = PBXBuildFile; fileRef = DB8005041EB7AC0400F2C116 /* LaunchScreen.storyboard */; };
		DB8005101EB7B2D600F2C116 /* Bolts.framework in Frameworks */ = {isa = PBXBuildFile; fileRef = DB80050E1EB7B2D600F2C116 /* Bolts.framework */; };
		DB8005111EB7B2D600F2C116 /* Parse.framework in Frameworks */ = {isa = PBXBuildFile; fileRef = DB80050F1EB7B2D600F2C116 /* Parse.framework */; };
		DB8005131EB7B31000F2C116 /* Parse.framework in CopyFiles */ = {isa = PBXBuildFile; fileRef = DB80050F1EB7B2D600F2C116 /* Parse.framework */; settings = {ATTRIBUTES = (CodeSignOnCopy, RemoveHeadersOnCopy, ); }; };
		DB8005141EB7B32400F2C116 /* Bolts.framework in CopyFiles */ = {isa = PBXBuildFile; fileRef = DB80050E1EB7B2D600F2C116 /* Bolts.framework */; settings = {ATTRIBUTES = (CodeSignOnCopy, RemoveHeadersOnCopy, ); }; };
		DB8005161EB7BBBE00F2C116 /* MapKit.framework in Frameworks */ = {isa = PBXBuildFile; fileRef = DB8005151EB7BBBE00F2C116 /* MapKit.framework */; };
/* End PBXBuildFile section */

/* Begin PBXCopyFilesBuildPhase section */
		DB8005121EB7B2F400F2C116 /* CopyFiles */ = {
			isa = PBXCopyFilesBuildPhase;
			buildActionMask = 2147483647;
			dstPath = "";
			dstSubfolderSpec = 10;
			files = (
				DB8005141EB7B32400F2C116 /* Bolts.framework in CopyFiles */,
				DB8005131EB7B31000F2C116 /* Parse.framework in CopyFiles */,
			);
			runOnlyForDeploymentPostprocessing = 0;
		};
/* End PBXCopyFilesBuildPhase section */

/* Begin PBXFileReference section */
		DB8004F31EB7AC0400F2C116 /* LocationReminders.app */ = {isa = PBXFileReference; explicitFileType = wrapper.application; includeInIndex = 0; path = LocationReminders.app; sourceTree = BUILT_PRODUCTS_DIR; };
		DB8004F71EB7AC0400F2C116 /* main.m */ = {isa = PBXFileReference; lastKnownFileType = sourcecode.c.objc; path = main.m; sourceTree = "<group>"; };
		DB8004F91EB7AC0400F2C116 /* AppDelegate.h */ = {isa = PBXFileReference; lastKnownFileType = sourcecode.c.h; path = AppDelegate.h; sourceTree = "<group>"; };
		DB8004FA1EB7AC0400F2C116 /* AppDelegate.m */ = {isa = PBXFileReference; lastKnownFileType = sourcecode.c.objc; path = AppDelegate.m; sourceTree = "<group>"; };
		DB8004FC1EB7AC0400F2C116 /* ViewController.h */ = {isa = PBXFileReference; lastKnownFileType = sourcecode.c.h; path = ViewController.h; sourceTree = "<group>"; };
		DB8004FD1EB7AC0400F2C116 /* ViewController.m */ = {isa = PBXFileReference; lastKnownFileType = sourcecode.c.objc; path = ViewController.m; sourceTree = "<group>"; };
		DB8005001EB7AC0400F2C116 /* Base */ = {isa = PBXFileReference; lastKnownFileType = file.storyboard; name = Base; path = Base.lproj/Main.storyboard; sourceTree = "<group>"; };
		DB8005021EB7AC0400F2C116 /* Assets.xcassets */ = {isa = PBXFileReference; lastKnownFileType = folder.assetcatalog; path = Assets.xcassets; sourceTree = "<group>"; };
		DB8005051EB7AC0400F2C116 /* Base */ = {isa = PBXFileReference; lastKnownFileType = file.storyboard; name = Base; path = Base.lproj/LaunchScreen.storyboard; sourceTree = "<group>"; };
		DB8005071EB7AC0400F2C116 /* Info.plist */ = {isa = PBXFileReference; lastKnownFileType = text.plist.xml; path = Info.plist; sourceTree = "<group>"; };
		DB80050E1EB7B2D600F2C116 /* Bolts.framework */ = {isa = PBXFileReference; lastKnownFileType = wrapper.framework; name = Bolts.framework; path = Carthage/Build/iOS/Bolts.framework; sourceTree = "<group>"; };
		DB80050F1EB7B2D600F2C116 /* Parse.framework */ = {isa = PBXFileReference; lastKnownFileType = wrapper.framework; name = Parse.framework; path = Carthage/Build/iOS/Parse.framework; sourceTree = "<group>"; };
		DB8005151EB7BBBE00F2C116 /* MapKit.framework */ = {isa = PBXFileReference; lastKnownFileType = wrapper.framework; name = MapKit.framework; path = System/Library/Frameworks/MapKit.framework; sourceTree = SDKROOT; };
/* End PBXFileReference section */

/* Begin PBXFrameworksBuildPhase section */
		DB8004F01EB7AC0400F2C116 /* Frameworks */ = {
			isa = PBXFrameworksBuildPhase;
			buildActionMask = 2147483647;
			files = (
				DB8005101EB7B2D600F2C116 /* Bolts.framework in Frameworks */,
				DB8005161EB7BBBE00F2C116 /* MapKit.framework in Frameworks */,
				DB8005111EB7B2D600F2C116 /* Parse.framework in Frameworks */,
			);
			runOnlyForDeploymentPostprocessing = 0;
		};
/* End PBXFrameworksBuildPhase section */

/* Begin PBXGroup section */
		DB8004EA1EB7AC0400F2C116 = {
			isa = PBXGroup;
			children = (
				DB8004F51EB7AC0400F2C116 /* LocationReminders */,
				DB8004F41EB7AC0400F2C116 /* Products */,
				DB80050D1EB7B2D600F2C116 /* Frameworks */,
			);
			sourceTree = "<group>";
		};
		DB8004F41EB7AC0400F2C116 /* Products */ = {
			isa = PBXGroup;
			children = (
				DB8004F31EB7AC0400F2C116 /* LocationReminders.app */,
			);
			name = Products;
			sourceTree = "<group>";
		};
		DB8004F51EB7AC0400F2C116 /* LocationReminders */ = {
			isa = PBXGroup;
			children = (
				DB8004F91EB7AC0400F2C116 /* AppDelegate.h */,
				DB8004FA1EB7AC0400F2C116 /* AppDelegate.m */,
				DB8004FC1EB7AC0400F2C116 /* ViewController.h */,
				DB8004FD1EB7AC0400F2C116 /* ViewController.m */,
				DB8004FF1EB7AC0400F2C116 /* Main.storyboard */,
				DB8005021EB7AC0400F2C116 /* Assets.xcassets */,
				DB8005041EB7AC0400F2C116 /* LaunchScreen.storyboard */,
				DB8005071EB7AC0400F2C116 /* Info.plist */,
				DB8004F61EB7AC0400F2C116 /* Supporting Files */,
			);
			path = LocationReminders;
			sourceTree = "<group>";
		};
		DB8004F61EB7AC0400F2C116 /* Supporting Files */ = {
			isa = PBXGroup;
			children = (
				DB8004F71EB7AC0400F2C116 /* main.m */,
			);
			name = "Supporting Files";
			sourceTree = "<group>";
		};
		DB80050D1EB7B2D600F2C116 /* Frameworks */ = {
			isa = PBXGroup;
			children = (
				DB8005151EB7BBBE00F2C116 /* MapKit.framework */,
				DB80050E1EB7B2D600F2C116 /* Bolts.framework */,
				DB80050F1EB7B2D600F2C116 /* Parse.framework */,
			);
			name = Frameworks;
			sourceTree = "<group>";
		};
/* End PBXGroup section */

/* Begin PBXNativeTarget section */
		DB8004F21EB7AC0400F2C116 /* LocationReminders */ = {
			isa = PBXNativeTarget;
			buildConfigurationList = DB80050A1EB7AC0400F2C116 /* Build configuration list for PBXNativeTarget "LocationReminders" */;
			buildPhases = (
				DB8004EF1EB7AC0400F2C116 /* Sources */,
				DB8004F01EB7AC0400F2C116 /* Frameworks */,
				DB8004F11EB7AC0400F2C116 /* Resources */,
				DB8005121EB7B2F400F2C116 /* CopyFiles */,
			);
			buildRules = (
			);
			dependencies = (
			);
			name = LocationReminders;
			productName = LocationReminders;
			productReference = DB8004F31EB7AC0400F2C116 /* LocationReminders.app */;
			productType = "com.apple.product-type.application";
		};
/* End PBXNativeTarget section */

/* Begin PBXProject section */
		DB8004EB1EB7AC0400F2C116 /* Project object */ = {
			isa = PBXProject;
			attributes = {
				LastUpgradeCheck = 0830;
				ORGANIZATIONNAME = "Pavel Parkhomey";
				TargetAttributes = {
					DB8004F21EB7AC0400F2C116 = {
						CreatedOnToolsVersion = 8.3.2;
						DevelopmentTeam = 6X88V8MC7R;
						ProvisioningStyle = Automatic;
						SystemCapabilities = {
							com.apple.Maps.iOS = {
								enabled = 1;
							};
						};
					};
				};
			};
			buildConfigurationList = DB8004EE1EB7AC0400F2C116 /* Build configuration list for PBXProject "LocationReminders" */;
			compatibilityVersion = "Xcode 3.2";
			developmentRegion = English;
			hasScannedForEncodings = 0;
			knownRegions = (
				en,
				Base,
			);
			mainGroup = DB8004EA1EB7AC0400F2C116;
			productRefGroup = DB8004F41EB7AC0400F2C116 /* Products */;
			projectDirPath = "";
			projectRoot = "";
			targets = (
				DB8004F21EB7AC0400F2C116 /* LocationReminders */,
			);
		};
/* End PBXProject section */

/* Begin PBXResourcesBuildPhase section */
		DB8004F11EB7AC0400F2C116 /* Resources */ = {
			isa = PBXResourcesBuildPhase;
			buildActionMask = 2147483647;
			files = (
				DB8005061EB7AC0400F2C116 /* LaunchScreen.storyboard in Resources */,
				DB8005031EB7AC0400F2C116 /* Assets.xcassets in Resources */,
				DB8005011EB7AC0400F2C116 /* Main.storyboard in Resources */,
			);
			runOnlyForDeploymentPostprocessing = 0;
		};
/* End PBXResourcesBuildPhase section */

/* Begin PBXSourcesBuildPhase section */
		DB8004EF1EB7AC0400F2C116 /* Sources */ = {
			isa = PBXSourcesBuildPhase;
			buildActionMask = 2147483647;
			files = (
				DB8004FE1EB7AC0400F2C116 /* ViewController.m in Sources */,
				DB8004FB1EB7AC0400F2C116 /* AppDelegate.m in Sources */,
				DB8004F81EB7AC0400F2C116 /* main.m in Sources */,
			);
			runOnlyForDeploymentPostprocessing = 0;
		};
/* End PBXSourcesBuildPhase section */

/* Begin PBXVariantGroup section */
		DB8004FF1EB7AC0400F2C116 /* Main.storyboard */ = {
			isa = PBXVariantGroup;
			children = (
				DB8005001EB7AC0400F2C116 /* Base */,
			);
			name = Main.storyboard;
			sourceTree = "<group>";
		};
		DB8005041EB7AC0400F2C116 /* LaunchScreen.storyboard */ = {
			isa = PBXVariantGroup;
			children = (
				DB8005051EB7AC0400F2C116 /* Base */,
			);
			name = LaunchScreen.storyboard;
			sourceTree = "<group>";
		};
/* End PBXVariantGroup section */

/* Begin XCBuildConfiguration section */
		DB8005081EB7AC0400F2C116 /* Debug */ = {
			isa = XCBuildConfiguration;
			buildSettings = {
				ALWAYS_SEARCH_USER_PATHS = NO;
				CLANG_ANALYZER_NONNULL = YES;
				CLANG_ANALYZER_NUMBER_OBJECT_CONVERSION = YES_AGGRESSIVE;
				CLANG_CXX_LANGUAGE_STANDARD = "gnu++0x";
				CLANG_CXX_LIBRARY = "libc++";
				CLANG_ENABLE_MODULES = YES;
				CLANG_ENABLE_OBJC_ARC = YES;
				CLANG_WARN_BOOL_CONVERSION = YES;
				CLANG_WARN_CONSTANT_CONVERSION = YES;
				CLANG_WARN_DIRECT_OBJC_ISA_USAGE = YES_ERROR;
				CLANG_WARN_DOCUMENTATION_COMMENTS = YES;
				CLANG_WARN_EMPTY_BODY = YES;
				CLANG_WARN_ENUM_CONVERSION = YES;
				CLANG_WARN_INFINITE_RECURSION = YES;
				CLANG_WARN_INT_CONVERSION = YES;
				CLANG_WARN_OBJC_ROOT_CLASS = YES_ERROR;
				CLANG_WARN_SUSPICIOUS_MOVE = YES;
				CLANG_WARN_UNREACHABLE_CODE = YES;
				CLANG_WARN__DUPLICATE_METHOD_MATCH = YES;
				"CODE_SIGN_IDENTITY[sdk=iphoneos*]" = "iPhone Developer";
				COPY_PHASE_STRIP = NO;
				DEBUG_INFORMATION_FORMAT = dwarf;
				ENABLE_STRICT_OBJC_MSGSEND = YES;
				ENABLE_TESTABILITY = YES;
				GCC_C_LANGUAGE_STANDARD = gnu99;
				GCC_DYNAMIC_NO_PIC = NO;
				GCC_NO_COMMON_BLOCKS = YES;
				GCC_OPTIMIZATION_LEVEL = 0;
				GCC_PREPROCESSOR_DEFINITIONS = (
					"DEBUG=1",
					"$(inherited)",
				);
				GCC_WARN_64_TO_32_BIT_CONVERSION = YES;
				GCC_WARN_ABOUT_RETURN_TYPE = YES_ERROR;
				GCC_WARN_UNDECLARED_SELECTOR = YES;
				GCC_WARN_UNINITIALIZED_AUTOS = YES_AGGRESSIVE;
				GCC_WARN_UNUSED_FUNCTION = YES;
				GCC_WARN_UNUSED_VARIABLE = YES;
				IPHONEOS_DEPLOYMENT_TARGET = 10.3;
				MTL_ENABLE_DEBUG_INFO = YES;
				ONLY_ACTIVE_ARCH = YES;
				SDKROOT = iphoneos;
				TARGETED_DEVICE_FAMILY = "1,2";
			};
			name = Debug;
		};
		DB8005091EB7AC0400F2C116 /* Release */ = {
			isa = XCBuildConfiguration;
			buildSettings = {
				ALWAYS_SEARCH_USER_PATHS = NO;
				CLANG_ANALYZER_NONNULL = YES;
				CLANG_ANALYZER_NUMBER_OBJECT_CONVERSION = YES_AGGRESSIVE;
				CLANG_CXX_LANGUAGE_STANDARD = "gnu++0x";
				CLANG_CXX_LIBRARY = "libc++";
				CLANG_ENABLE_MODULES = YES;
				CLANG_ENABLE_OBJC_ARC = YES;
				CLANG_WARN_BOOL_CONVERSION = YES;
				CLANG_WARN_CONSTANT_CONVERSION = YES;
				CLANG_WARN_DIRECT_OBJC_ISA_USAGE = YES_ERROR;
				CLANG_WARN_DOCUMENTATION_COMMENTS = YES;
				CLANG_WARN_EMPTY_BODY = YES;
				CLANG_WARN_ENUM_CONVERSION = YES;
				CLANG_WARN_INFINITE_RECURSION = YES;
				CLANG_WARN_INT_CONVERSION = YES;
				CLANG_WARN_OBJC_ROOT_CLASS = YES_ERROR;
				CLANG_WARN_SUSPICIOUS_MOVE = YES;
				CLANG_WARN_UNREACHABLE_CODE = YES;
				CLANG_WARN__DUPLICATE_METHOD_MATCH = YES;
				"CODE_SIGN_IDENTITY[sdk=iphoneos*]" = "iPhone Developer";
				COPY_PHASE_STRIP = NO;
				DEBUG_INFORMATION_FORMAT = "dwarf-with-dsym";
				ENABLE_NS_ASSERTIONS = NO;
				ENABLE_STRICT_OBJC_MSGSEND = YES;
				GCC_C_LANGUAGE_STANDARD = gnu99;
				GCC_NO_COMMON_BLOCKS = YES;
				GCC_WARN_64_TO_32_BIT_CONVERSION = YES;
				GCC_WARN_ABOUT_RETURN_TYPE = YES_ERROR;
				GCC_WARN_UNDECLARED_SELECTOR = YES;
				GCC_WARN_UNINITIALIZED_AUTOS = YES_AGGRESSIVE;
				GCC_WARN_UNUSED_FUNCTION = YES;
				GCC_WARN_UNUSED_VARIABLE = YES;
				IPHONEOS_DEPLOYMENT_TARGET = 10.3;
				MTL_ENABLE_DEBUG_INFO = NO;
				SDKROOT = iphoneos;
				TARGETED_DEVICE_FAMILY = "1,2";
				VALIDATE_PRODUCT = YES;
			};
			name = Release;
		};
		DB80050B1EB7AC0400F2C116 /* Debug */ = {
			isa = XCBuildConfiguration;
			buildSettings = {
				ASSETCATALOG_COMPILER_APPICON_NAME = AppIcon;
				DEVELOPMENT_TEAM = 6X88V8MC7R;
				FRAMEWORK_SEARCH_PATHS = (
					"$(inherited)",
					"$(PROJECT_DIR)/Carthage/Build/iOS",
				);
				INFOPLIST_FILE = LocationReminders/Info.plist;
				LD_RUNPATH_SEARCH_PATHS = "$(inherited) @executable_path/Frameworks";
				PRODUCT_BUNDLE_IDENTIFIER = com.MyFirstApp..LocationReminders;
				PRODUCT_NAME = "$(TARGET_NAME)";
			};
			name = Debug;
		};
		DB80050C1EB7AC0400F2C116 /* Release */ = {
			isa = XCBuildConfiguration;
			buildSettings = {
				ASSETCATALOG_COMPILER_APPICON_NAME = AppIcon;
				DEVELOPMENT_TEAM = 6X88V8MC7R;
				FRAMEWORK_SEARCH_PATHS = (
					"$(inherited)",
					"$(PROJECT_DIR)/Carthage/Build/iOS",
				);
				INFOPLIST_FILE = LocationReminders/Info.plist;
				LD_RUNPATH_SEARCH_PATHS = "$(inherited) @executable_path/Frameworks";
				PRODUCT_BUNDLE_IDENTIFIER = com.MyFirstApp..LocationReminders;
				PRODUCT_NAME = "$(TARGET_NAME)";
			};
			name = Release;
		};
/* End XCBuildConfiguration section */

/* Begin XCConfigurationList section */
		DB8004EE1EB7AC0400F2C116 /* Build configuration list for PBXProject "LocationReminders" */ = {
			isa = XCConfigurationList;
			buildConfigurations = (
				DB8005081EB7AC0400F2C116 /* Debug */,
				DB8005091EB7AC0400F2C116 /* Release */,
			);
			defaultConfigurationIsVisible = 0;
			defaultConfigurationName = Release;
		};
		DB80050A1EB7AC0400F2C116 /* Build configuration list for PBXNativeTarget "LocationReminders" */ = {
			isa = XCConfigurationList;
			buildConfigurations = (
				DB80050B1EB7AC0400F2C116 /* Debug */,
				DB80050C1EB7AC0400F2C116 /* Release */,
			);
			defaultConfigurationIsVisible = 0;
		};
/* End XCConfigurationList section */
	};
	rootObject = DB8004EB1EB7AC0400F2C116 /* Project object */;
}
